
Microsoft Visual Studio Solution File, Format Version 12.00
# Visual Studio 15
VisualStudioVersion = 15.0.27130.2026
MinimumVisualStudioVersion = 10.0.40219.1
Project("{FAE04EC0-301F-11D3-BF4B-00C04F79EFBC}") = "SaperGame", "SaperGame\SaperGame.csproj", "{A1BF13CA-5746-4F22-9E70-8E8B6A57EF5E}"
EndProject
Project("{FAE04EC0-301F-11D3-BF4B-00C04F79EFBC}") = "Utils", "Utils\Utils.csproj", "{D441C3CC-50B6-44FE-8609-54FD80F6AC5C}"
EndProject
Global
	GlobalSection(SolutionConfigurationPlatforms) = preSolution
		Debug|Any CPU = Debug|Any CPU
		Release|Any CPU = Release|Any CPU
	EndGlobalSection
	GlobalSection(ProjectConfigurationPlatforms) = postSolution
		{A1BF13CA-5746-4F22-9E70-8E8B6A57EF5E}.Debug|Any CPU.ActiveCfg = Debug|Any CPU
		{A1BF13CA-5746-4F22-9E70-8E8B6A57EF5E}.Debug|Any CPU.Build.0 = Debug|Any CPU
		{A1BF13CA-5746-4F22-9E70-8E8B6A57EF5E}.Release|Any CPU.ActiveCfg = Release|Any CPU
		{A1BF13CA-5746-4F22-9E70-8E8B6A57EF5E}.Release|Any CPU.Build.0 = Release|Any CPU
		{D441C3CC-50B6-44FE-8609-54FD80F6AC5C}.Debug|Any CPU.ActiveCfg = Debug|Any CPU
		{D441C3CC-50B6-44FE-8609-54FD80F6AC5C}.Debug|Any CPU.Build.0 = Debug|Any CPU
		{D441C3CC-50B6-44FE-8609-54FD80F6AC5C}.Release|Any CPU.ActiveCfg = Release|Any CPU
		{D441C3CC-50B6-44FE-8609-54FD80F6AC5C}.Release|Any CPU.Build.0 = Release|Any CPU
	EndGlobalSection
	GlobalSection(SolutionProperties) = preSolution
		HideSolutionNode = FALSE
	EndGlobalSection
	GlobalSection(ExtensibilityGlobals) = postSolution
		SolutionGuid = {86629B88-0433-4765-8DB7-F38AFEBD47A5}
	EndGlobalSection
EndGlobal
